// !$*UTF8*$!
{
	archiveVersion = 1;
	classes = {
	};
	objectVersion = 51;
	objects = {

/* Begin PBXBuildFile section */
		08063B592231B139007E73A1 /* AppDelegate.swift in Sources */ = {isa = PBXBuildFile; fileRef = 08063B582231B139007E73A1 /* AppDelegate.swift */; };
		08063B5B2231B139007E73A1 /* ViewController.swift in Sources */ = {isa = PBXBuildFile; fileRef = 08063B5A2231B139007E73A1 /* ViewController.swift */; };
		08063B5E2231B139007E73A1 /* Main.storyboard in Resources */ = {isa = PBXBuildFile; fileRef = 08063B5C2231B139007E73A1 /* Main.storyboard */; };
		08063B602231B13B007E73A1 /* Assets.xcassets in Resources */ = {isa = PBXBuildFile; fileRef = 08063B5F2231B13B007E73A1 /* Assets.xcassets */; };
		08063B632231B13B007E73A1 /* LaunchScreen.storyboard in Resources */ = {isa = PBXBuildFile; fileRef = 08063B612231B13B007E73A1 /* LaunchScreen.storyboard */; };
		084C6D452231B53800E84809 /* AppConfiguration.json in Resources */ = {isa = PBXBuildFile; fileRef = 084C6D442231B53800E84809 /* AppConfiguration.json */; };
		08C220F722DBD78100494143 /* HeaderView.xib in Resources */ = {isa = PBXBuildFile; fileRef = 08C220F622DBD78100494143 /* HeaderView.xib */; };
		08FD95A1258FD0F1007478ED /* AppConfigurationArmenia.json in Resources */ = {isa = PBXBuildFile; fileRef = 08FD95A0258FD0F1007478ED /* AppConfigurationArmenia.json */; };
		1B31B2E2227102CA00C968D1 /* AppConfigurationTechnolab.json in Resources */ = {isa = PBXBuildFile; fileRef = 1B31B2E1227102CA00C968D1 /* AppConfigurationTechnolab.json */; };
		1B3FAAF722940637002FE1DF /* SharedStorageConfigurationViewController.swift in Sources */ = {isa = PBXBuildFile; fileRef = 1B3FAAF622940637002FE1DF /* SharedStorageConfigurationViewController.swift */; };
		1B3FAAFA22942466002FE1DF /* KeyValueTableViewCell.swift in Sources */ = {isa = PBXBuildFile; fileRef = 1B3FAAF922942466002FE1DF /* KeyValueTableViewCell.swift */; };
		1B3FAAFE22943662002FE1DF /* PrimeSDK.framework in Frameworks */ = {isa = PBXBuildFile; fileRef = 1B7E6F86228AF127009BFF74 /* PrimeSDK.framework */; };
		1B3FAAFF22943662002FE1DF /* PrimeSDK.framework in Embed Frameworks */ = {isa = PBXBuildFile; fileRef = 1B7E6F86228AF127009BFF74 /* PrimeSDK.framework */; settings = {ATTRIBUTES = (CodeSignOnCopy, RemoveHeadersOnCopy, ); }; };
		1B3FAB02229437A4002FE1DF /* OrderedDictionary.swift in Sources */ = {isa = PBXBuildFile; fileRef = 1B3FAB01229437A4002FE1DF /* OrderedDictionary.swift */; };
		1B626F11229AECC500B130DE /* RootTabBarController.swift in Sources */ = {isa = PBXBuildFile; fileRef = 1B626F10229AECC500B130DE /* RootTabBarController.swift */; };
		1B626F15229AFC4200B130DE /* Notifications.swift in Sources */ = {isa = PBXBuildFile; fileRef = 1B626F14229AFC4200B130DE /* Notifications.swift */; };
		1B626F17229B037200B130DE /* URLConfigurationViewController.swift in Sources */ = {isa = PBXBuildFile; fileRef = 1B626F16229B037200B130DE /* URLConfigurationViewController.swift */; };
		1B626F1A229B083C00B130DE /* URLConfigurationCell.swift in Sources */ = {isa = PBXBuildFile; fileRef = 1B626F19229B083C00B130DE /* URLConfigurationCell.swift */; };
		1B7E6FE5228EF5C2009BFF74 /* AddURLConfigurationViewController.swift in Sources */ = {isa = PBXBuildFile; fileRef = 1B7E6FE4228EF5C2009BFF74 /* AddURLConfigurationViewController.swift */; };
		4405B6C11DD8544A1DDEDA5C /* Pods_AppBuilderSDK.framework in Frameworks */ = {isa = PBXBuildFile; fileRef = 594EFD03200F05FF8B0F1021 /* Pods_AppBuilderSDK.framework */; };
		5CEBFAAC22C56A9A00016467 /* AppBuilderSDK.entitlements in Resources */ = {isa = PBXBuildFile; fileRef = 5CEBFAAB22C56A4600016467 /* AppBuilderSDK.entitlements */; };
		DF033406CC173B48C72DA4B8 /* Pods_AppBuilderSDK.framework in Frameworks */ = {isa = PBXBuildFile; fileRef = 5B5E7AACFC68B0B731C0E09A /* Pods_AppBuilderSDK.framework */; };
/* End PBXBuildFile section */

/* Begin PBXCopyFilesBuildPhase section */
		1B3FAB0022943662002FE1DF /* Embed Frameworks */ = {
			isa = PBXCopyFilesBuildPhase;
			buildActionMask = 2147483647;
			dstPath = "";
			dstSubfolderSpec = 10;
			files = (
				1B3FAAFF22943662002FE1DF /* PrimeSDK.framework in Embed Frameworks */,
			);
			name = "Embed Frameworks";
			runOnlyForDeploymentPostprocessing = 0;
		};
/* End PBXCopyFilesBuildPhase section */

/* Begin PBXFileReference section */
		08063B552231B139007E73A1 /* AppBuilderSDK.app */ = {isa = PBXFileReference; explicitFileType = wrapper.application; includeInIndex = 0; path = AppBuilderSDK.app; sourceTree = BUILT_PRODUCTS_DIR; };
		08063B582231B139007E73A1 /* AppDelegate.swift */ = {isa = PBXFileReference; lastKnownFileType = sourcecode.swift; path = AppDelegate.swift; sourceTree = "<group>"; };
		08063B5A2231B139007E73A1 /* ViewController.swift */ = {isa = PBXFileReference; lastKnownFileType = sourcecode.swift; path = ViewController.swift; sourceTree = "<group>"; };
		08063B5D2231B139007E73A1 /* Base */ = {isa = PBXFileReference; lastKnownFileType = file.storyboard; name = Base; path = Base.lproj/Main.storyboard; sourceTree = "<group>"; };
		08063B5F2231B13B007E73A1 /* Assets.xcassets */ = {isa = PBXFileReference; lastKnownFileType = folder.assetcatalog; path = Assets.xcassets; sourceTree = "<group>"; };
		08063B622231B13B007E73A1 /* Base */ = {isa = PBXFileReference; lastKnownFileType = file.storyboard; name = Base; path = Base.lproj/LaunchScreen.storyboard; sourceTree = "<group>"; };
		08063B642231B13B007E73A1 /* Info.plist */ = {isa = PBXFileReference; lastKnownFileType = text.plist.xml; path = Info.plist; sourceTree = "<group>"; };
		084C6D442231B53800E84809 /* AppConfiguration.json */ = {isa = PBXFileReference; fileEncoding = 4; lastKnownFileType = text.json; path = AppConfiguration.json; sourceTree = "<group>"; };
		08C220F622DBD78100494143 /* HeaderView.xib */ = {isa = PBXFileReference; lastKnownFileType = file.xib; path = HeaderView.xib; sourceTree = "<group>"; };
		08FD95A0258FD0F1007478ED /* AppConfigurationArmenia.json */ = {isa = PBXFileReference; lastKnownFileType = text.json; path = AppConfigurationArmenia.json; sourceTree = "<group>"; };
		1B31B2E1227102CA00C968D1 /* AppConfigurationTechnolab.json */ = {isa = PBXFileReference; fileEncoding = 4; lastKnownFileType = text.json; path = AppConfigurationTechnolab.json; sourceTree = "<group>"; };
		1B3FAAF622940637002FE1DF /* SharedStorageConfigurationViewController.swift */ = {isa = PBXFileReference; lastKnownFileType = sourcecode.swift; path = SharedStorageConfigurationViewController.swift; sourceTree = "<group>"; };
		1B3FAAF922942466002FE1DF /* KeyValueTableViewCell.swift */ = {isa = PBXFileReference; lastKnownFileType = sourcecode.swift; path = KeyValueTableViewCell.swift; sourceTree = "<group>"; };
		1B3FAB01229437A4002FE1DF /* OrderedDictionary.swift */ = {isa = PBXFileReference; lastKnownFileType = sourcecode.swift; path = OrderedDictionary.swift; sourceTree = "<group>"; };
		1B626F10229AECC500B130DE /* RootTabBarController.swift */ = {isa = PBXFileReference; lastKnownFileType = sourcecode.swift; path = RootTabBarController.swift; sourceTree = "<group>"; };
		1B626F14229AFC4200B130DE /* Notifications.swift */ = {isa = PBXFileReference; lastKnownFileType = sourcecode.swift; path = Notifications.swift; sourceTree = "<group>"; };
		1B626F16229B037200B130DE /* URLConfigurationViewController.swift */ = {isa = PBXFileReference; lastKnownFileType = sourcecode.swift; path = URLConfigurationViewController.swift; sourceTree = "<group>"; };
		1B626F19229B083C00B130DE /* URLConfigurationCell.swift */ = {isa = PBXFileReference; lastKnownFileType = sourcecode.swift; path = URLConfigurationCell.swift; sourceTree = "<group>"; };
		1B7E6F86228AF127009BFF74 /* PrimeSDK.framework */ = {isa = PBXFileReference; explicitFileType = wrapper.framework; path = PrimeSDK.framework; sourceTree = BUILT_PRODUCTS_DIR; };
		1B7E6FE4228EF5C2009BFF74 /* AddURLConfigurationViewController.swift */ = {isa = PBXFileReference; lastKnownFileType = sourcecode.swift; path = AddURLConfigurationViewController.swift; sourceTree = "<group>"; };
		5B5E7AACFC68B0B731C0E09A /* Pods_AppBuilderSDK.framework */ = {isa = PBXFileReference; explicitFileType = wrapper.framework; includeInIndex = 0; path = Pods_AppBuilderSDK.framework; sourceTree = BUILT_PRODUCTS_DIR; };
		5CEBFAAB22C56A4600016467 /* AppBuilderSDK.entitlements */ = {isa = PBXFileReference; lastKnownFileType = text.plist.entitlements; path = AppBuilderSDK.entitlements; sourceTree = "<group>"; };
		BFD5883DB891D29FB06C7B52 /* Pods-AppBuilderSDK.debug.xcconfig */ = {isa = PBXFileReference; includeInIndex = 1; lastKnownFileType = text.xcconfig; name = "Pods-AppBuilderSDK.debug.xcconfig"; path = "Target Support Files/Pods-AppBuilderSDK/Pods-AppBuilderSDK.debug.xcconfig"; sourceTree = "<group>"; };
		FE79F59763AEADA42CA5F641 /* Pods-AppBuilderSDK.release.xcconfig */ = {isa = PBXFileReference; includeInIndex = 1; lastKnownFileType = text.xcconfig; name = "Pods-AppBuilderSDK.release.xcconfig"; path = "Target Support Files/Pods-AppBuilderSDK/Pods-AppBuilderSDK.release.xcconfig"; sourceTree = "<group>"; };
/* End PBXFileReference section */

/* Begin PBXFrameworksBuildPhase section */
		08063B522231B139007E73A1 /* Frameworks */ = {
			isa = PBXFrameworksBuildPhase;
			buildActionMask = 2147483647;
			files = (
				1B3FAAFE22943662002FE1DF /* PrimeSDK.framework in Frameworks */,
				DF033406CC173B48C72DA4B8 /* Pods_AppBuilderSDK.framework in Frameworks */,
			);
			runOnlyForDeploymentPostprocessing = 0;
		};
/* End PBXFrameworksBuildPhase section */

/* Begin PBXGroup section */
		08063B4C2231B139007E73A1 = {
			isa = PBXGroup;
			children = (
				08063B572231B139007E73A1 /* AppBuilderSDK */,
				08063B562231B139007E73A1 /* Products */,
				4AA237EEEBEB5E6F71D640B0 /* Frameworks */,
				9EB76FE0EE4FE78E49DC64C9 /* Pods */,
			);
			sourceTree = "<group>";
		};
		08063B562231B139007E73A1 /* Products */ = {
			isa = PBXGroup;
			children = (
				08063B552231B139007E73A1 /* AppBuilderSDK.app */,
			);
			name = Products;
			sourceTree = "<group>";
		};
		08063B572231B139007E73A1 /* AppBuilderSDK */ = {
			isa = PBXGroup;
			children = (
				5CEBFAAB22C56A4600016467 /* AppBuilderSDK.entitlements */,
				084C6D442231B53800E84809 /* AppConfiguration.json */,
				1B31B2E1227102CA00C968D1 /* AppConfigurationTechnolab.json */,
				08FD95A0258FD0F1007478ED /* AppConfigurationArmenia.json */,
				08063B582231B139007E73A1 /* AppDelegate.swift */,
				1B626F10229AECC500B130DE /* RootTabBarController.swift */,
				08063B5A2231B139007E73A1 /* ViewController.swift */,
				1B626F18229B081B00B130DE /* URLConfiguration */,
				1B3FAB032294393C002FE1DF /* SharedStorageConfiguration */,
				1B3FAB01229437A4002FE1DF /* OrderedDictionary.swift */,
				1B626F14229AFC4200B130DE /* Notifications.swift */,
				08063B5C2231B139007E73A1 /* Main.storyboard */,
				08063B5F2231B13B007E73A1 /* Assets.xcassets */,
				08063B612231B13B007E73A1 /* LaunchScreen.storyboard */,
				08063B642231B13B007E73A1 /* Info.plist */,
				08C220F622DBD78100494143 /* HeaderView.xib */,
			);
			path = AppBuilderSDK;
			sourceTree = "<group>";
		};
		1B3FAB032294393C002FE1DF /* SharedStorageConfiguration */ = {
			isa = PBXGroup;
			children = (
				1B3FAAF622940637002FE1DF /* SharedStorageConfigurationViewController.swift */,
				1B3FAAF922942466002FE1DF /* KeyValueTableViewCell.swift */,
			);
			path = SharedStorageConfiguration;
			sourceTree = "<group>";
		};
		1B626F18229B081B00B130DE /* URLConfiguration */ = {
			isa = PBXGroup;
			children = (
				1B626F16229B037200B130DE /* URLConfigurationViewController.swift */,
				1B7E6FE4228EF5C2009BFF74 /* AddURLConfigurationViewController.swift */,
				1B626F19229B083C00B130DE /* URLConfigurationCell.swift */,
			);
			path = URLConfiguration;
			sourceTree = "<group>";
		};
		4AA237EEEBEB5E6F71D640B0 /* Frameworks */ = {
			isa = PBXGroup;
			children = (
				1B7E6F86228AF127009BFF74 /* PrimeSDK.framework */,
				5B5E7AACFC68B0B731C0E09A /* Pods_AppBuilderSDK.framework */,
			);
			name = Frameworks;
			sourceTree = "<group>";
		};
		9EB76FE0EE4FE78E49DC64C9 /* Pods */ = {
			isa = PBXGroup;
			children = (
				BFD5883DB891D29FB06C7B52 /* Pods-AppBuilderSDK.debug.xcconfig */,
				FE79F59763AEADA42CA5F641 /* Pods-AppBuilderSDK.release.xcconfig */,
			);
			path = Pods;
			sourceTree = "<group>";
		};
/* End PBXGroup section */

/* Begin PBXNativeTarget section */
		08063B542231B139007E73A1 /* AppBuilderSDK */ = {
			isa = PBXNativeTarget;
			buildConfigurationList = 08063B672231B13B007E73A1 /* Build configuration list for PBXNativeTarget "AppBuilderSDK" */;
			buildPhases = (
				11467C235571C7C92370DA4D /* [CP] Check Pods Manifest.lock */,
				08063B512231B139007E73A1 /* Sources */,
				08063B522231B139007E73A1 /* Frameworks */,
				08063B532231B139007E73A1 /* Resources */,
				5CE8EF5222B109FD00809DE7 /* Linter */,
				1B3FAB0022943662002FE1DF /* Embed Frameworks */,
				111D9FA0949B8ECB19DF9E5F /* [CP] Embed Pods Frameworks */,
				7EA2012D70A6BAFCBF2C1FB3 /* [CP] Copy Pods Resources */,
			);
			buildRules = (
			);
			dependencies = (
			);
			name = AppBuilderSDK;
			productName = AppBuilderSDK;
			productReference = 08063B552231B139007E73A1 /* AppBuilderSDK.app */;
			productType = "com.apple.product-type.application";
		};
/* End PBXNativeTarget section */

/* Begin PBXProject section */
		08063B4D2231B139007E73A1 /* Project object */ = {
			isa = PBXProject;
			attributes = {
				LastSwiftUpdateCheck = 1010;
				LastUpgradeCheck = 1010;
				ORGANIZATIONNAME = Ostrenkiy;
				TargetAttributes = {
					08063B542231B139007E73A1 = {
						CreatedOnToolsVersion = 10.1;
						SystemCapabilities = {
							com.apple.SafariKeychain = {
								enabled = 1;
							};
						};
					};
				};
			};
			buildConfigurationList = 08063B502231B139007E73A1 /* Build configuration list for PBXProject "AppBuilderSDK" */;
			compatibilityVersion = "Xcode 9.3";
			developmentRegion = en;
			hasScannedForEncodings = 0;
			knownRegions = (
				en,
				Base,
			);
			mainGroup = 08063B4C2231B139007E73A1;
			productRefGroup = 08063B562231B139007E73A1 /* Products */;
			projectDirPath = "";
			projectRoot = "";
			targets = (
				08063B542231B139007E73A1 /* AppBuilderSDK */,
			);
		};
/* End PBXProject section */

/* Begin PBXResourcesBuildPhase section */
		08063B532231B139007E73A1 /* Resources */ = {
			isa = PBXResourcesBuildPhase;
			buildActionMask = 2147483647;
			files = (
				5CEBFAAC22C56A9A00016467 /* AppBuilderSDK.entitlements in Resources */,
				08063B632231B13B007E73A1 /* LaunchScreen.storyboard in Resources */,
				08FD95A1258FD0F1007478ED /* AppConfigurationArmenia.json in Resources */,
				084C6D452231B53800E84809 /* AppConfiguration.json in Resources */,
				08063B602231B13B007E73A1 /* Assets.xcassets in Resources */,
				1B31B2E2227102CA00C968D1 /* AppConfigurationTechnolab.json in Resources */,
				08063B5E2231B139007E73A1 /* Main.storyboard in Resources */,
				08C220F722DBD78100494143 /* HeaderView.xib in Resources */,
			);
			runOnlyForDeploymentPostprocessing = 0;
		};
/* End PBXResourcesBuildPhase section */

/* Begin PBXShellScriptBuildPhase section */
		111D9FA0949B8ECB19DF9E5F /* [CP] Embed Pods Frameworks */ = {
			isa = PBXShellScriptBuildPhase;
			buildActionMask = 2147483647;
			files = (
			);
			inputFileListPaths = (
				"${PODS_ROOT}/Target Support Files/Pods-AppBuilderSDK/Pods-AppBuilderSDK-frameworks-${CONFIGURATION}-input-files.xcfilelist",
			);
			name = "[CP] Embed Pods Frameworks";
			outputFileListPaths = (
				"${PODS_ROOT}/Target Support Files/Pods-AppBuilderSDK/Pods-AppBuilderSDK-frameworks-${CONFIGURATION}-output-files.xcfilelist",
			);
			runOnlyForDeploymentPostprocessing = 0;
			shellPath = /bin/sh;
			shellScript = "\"${PODS_ROOT}/Target Support Files/Pods-AppBuilderSDK/Pods-AppBuilderSDK-frameworks.sh\"\n";
			showEnvVarsInLog = 0;
		};
		11467C235571C7C92370DA4D /* [CP] Check Pods Manifest.lock */ = {
			isa = PBXShellScriptBuildPhase;
			buildActionMask = 2147483647;
			files = (
			);
			inputFileListPaths = (
			);
			inputPaths = (
				"${PODS_PODFILE_DIR_PATH}/Podfile.lock",
				"${PODS_ROOT}/Manifest.lock",
			);
			name = "[CP] Check Pods Manifest.lock";
			outputFileListPaths = (
			);
			outputPaths = (
				"$(DERIVED_FILE_DIR)/Pods-AppBuilderSDK-checkManifestLockResult.txt",
			);
			runOnlyForDeploymentPostprocessing = 0;
			shellPath = /bin/sh;
			shellScript = "diff \"${PODS_PODFILE_DIR_PATH}/Podfile.lock\" \"${PODS_ROOT}/Manifest.lock\" > /dev/null\nif [ $? != 0 ] ; then\n    # print error to STDERR\n    echo \"error: The sandbox is not in sync with the Podfile.lock. Run 'pod install' or update your CocoaPods installation.\" >&2\n    exit 1\nfi\n# This output is used by Xcode 'outputs' to avoid re-running this script phase.\necho \"SUCCESS\" > \"${SCRIPT_OUTPUT_FILE_0}\"\n";
			showEnvVarsInLog = 0;
		};
		5CE8EF5222B109FD00809DE7 /* Linter */ = {
			isa = PBXShellScriptBuildPhase;
			buildActionMask = 2147483647;
			files = (
			);
			inputFileListPaths = (
			);
			inputPaths = (
			);
			name = Linter;
			outputFileListPaths = (
			);
			outputPaths = (
			);
			runOnlyForDeploymentPostprocessing = 0;
			shellPath = /bin/sh;
			shellScript = "\"${PODS_ROOT}/SwiftLint/swiftlint\"\n";
		};
		7EA2012D70A6BAFCBF2C1FB3 /* [CP] Copy Pods Resources */ = {
			isa = PBXShellScriptBuildPhase;
			buildActionMask = 2147483647;
			files = (
			);
			inputFileListPaths = (
				"${PODS_ROOT}/Target Support Files/Pods-AppBuilderSDK/Pods-AppBuilderSDK-resources-${CONFIGURATION}-input-files.xcfilelist",
			);
			name = "[CP] Copy Pods Resources";
			outputFileListPaths = (
				"${PODS_ROOT}/Target Support Files/Pods-AppBuilderSDK/Pods-AppBuilderSDK-resources-${CONFIGURATION}-output-files.xcfilelist",
			);
			runOnlyForDeploymentPostprocessing = 0;
			shellPath = /bin/sh;
			shellScript = "\"${PODS_ROOT}/Target Support Files/Pods-AppBuilderSDK/Pods-AppBuilderSDK-resources.sh\"\n";
			showEnvVarsInLog = 0;
		};
/* End PBXShellScriptBuildPhase section */

/* Begin PBXSourcesBuildPhase section */
		08063B512231B139007E73A1 /* Sources */ = {
			isa = PBXSourcesBuildPhase;
			buildActionMask = 2147483647;
			files = (
				1B626F1A229B083C00B130DE /* URLConfigurationCell.swift in Sources */,
				1B626F15229AFC4200B130DE /* Notifications.swift in Sources */,
				08063B5B2231B139007E73A1 /* ViewController.swift in Sources */,
				1B626F11229AECC500B130DE /* RootTabBarController.swift in Sources */,
				1B7E6FE5228EF5C2009BFF74 /* AddURLConfigurationViewController.swift in Sources */,
				1B626F17229B037200B130DE /* URLConfigurationViewController.swift in Sources */,
				08063B592231B139007E73A1 /* AppDelegate.swift in Sources */,
				1B3FAB02229437A4002FE1DF /* OrderedDictionary.swift in Sources */,
				1B3FAAF722940637002FE1DF /* SharedStorageConfigurationViewController.swift in Sources */,
				1B3FAAFA22942466002FE1DF /* KeyValueTableViewCell.swift in Sources */,
			);
			runOnlyForDeploymentPostprocessing = 0;
		};
/* End PBXSourcesBuildPhase section */

/* Begin PBXVariantGroup section */
		08063B5C2231B139007E73A1 /* Main.storyboard */ = {
			isa = PBXVariantGroup;
			children = (
				08063B5D2231B139007E73A1 /* Base */,
			);
			name = Main.storyboard;
			sourceTree = "<group>";
		};
		08063B612231B13B007E73A1 /* LaunchScreen.storyboard */ = {
			isa = PBXVariantGroup;
			children = (
				08063B622231B13B007E73A1 /* Base */,
			);
			name = LaunchScreen.storyboard;
			sourceTree = "<group>";
		};
/* End PBXVariantGroup section */

/* Begin XCBuildConfiguration section */
		08063B652231B13B007E73A1 /* Debug */ = {
			isa = XCBuildConfiguration;
			buildSettings = {
				ALWAYS_SEARCH_USER_PATHS = NO;
				CLANG_ANALYZER_NONNULL = YES;
				CLANG_ANALYZER_NUMBER_OBJECT_CONVERSION = YES_AGGRESSIVE;
				CLANG_CXX_LANGUAGE_STANDARD = "gnu++14";
				CLANG_CXX_LIBRARY = "libc++";
				CLANG_ENABLE_MODULES = YES;
				CLANG_ENABLE_OBJC_ARC = YES;
				CLANG_ENABLE_OBJC_WEAK = YES;
				CLANG_WARN_BLOCK_CAPTURE_AUTORELEASING = YES;
				CLANG_WARN_BOOL_CONVERSION = YES;
				CLANG_WARN_COMMA = YES;
				CLANG_WARN_CONSTANT_CONVERSION = YES;
				CLANG_WARN_DEPRECATED_OBJC_IMPLEMENTATIONS = YES;
				CLANG_WARN_DIRECT_OBJC_ISA_USAGE = YES_ERROR;
				CLANG_WARN_DOCUMENTATION_COMMENTS = YES;
				CLANG_WARN_EMPTY_BODY = YES;
				CLANG_WARN_ENUM_CONVERSION = YES;
				CLANG_WARN_INFINITE_RECURSION = YES;
				CLANG_WARN_INT_CONVERSION = YES;
				CLANG_WARN_NON_LITERAL_NULL_CONVERSION = YES;
				CLANG_WARN_OBJC_IMPLICIT_RETAIN_SELF = YES;
				CLANG_WARN_OBJC_LITERAL_CONVERSION = YES;
				CLANG_WARN_OBJC_ROOT_CLASS = YES_ERROR;
				CLANG_WARN_RANGE_LOOP_ANALYSIS = YES;
				CLANG_WARN_STRICT_PROTOTYPES = YES;
				CLANG_WARN_SUSPICIOUS_MOVE = YES;
				CLANG_WARN_UNGUARDED_AVAILABILITY = YES_AGGRESSIVE;
				CLANG_WARN_UNREACHABLE_CODE = YES;
				CLANG_WARN__DUPLICATE_METHOD_MATCH = YES;
				CODE_SIGN_IDENTITY = "iPhone Developer";
				COPY_PHASE_STRIP = NO;
				DEBUG_INFORMATION_FORMAT = dwarf;
				ENABLE_STRICT_OBJC_MSGSEND = YES;
				ENABLE_TESTABILITY = YES;
				GCC_C_LANGUAGE_STANDARD = gnu11;
				GCC_DYNAMIC_NO_PIC = NO;
				GCC_NO_COMMON_BLOCKS = YES;
				GCC_OPTIMIZATION_LEVEL = 0;
				GCC_PREPROCESSOR_DEFINITIONS = (
					"DEBUG=1",
					"$(inherited)",
				);
				GCC_WARN_64_TO_32_BIT_CONVERSION = YES;
				GCC_WARN_ABOUT_RETURN_TYPE = YES_ERROR;
				GCC_WARN_UNDECLARED_SELECTOR = YES;
				GCC_WARN_UNINITIALIZED_AUTOS = YES_AGGRESSIVE;
				GCC_WARN_UNUSED_FUNCTION = YES;
				GCC_WARN_UNUSED_VARIABLE = YES;
				IPHONEOS_DEPLOYMENT_TARGET = 12.1;
				MTL_ENABLE_DEBUG_INFO = INCLUDE_SOURCE;
				MTL_FAST_MATH = YES;
				ONLY_ACTIVE_ARCH = YES;
				SDKROOT = iphoneos;
				SWIFT_ACTIVE_COMPILATION_CONDITIONS = DEBUG;
				SWIFT_OPTIMIZATION_LEVEL = "-Onone";
			};
			name = Debug;
		};
		08063B662231B13B007E73A1 /* Release */ = {
			isa = XCBuildConfiguration;
			buildSettings = {
				ALWAYS_SEARCH_USER_PATHS = NO;
				CLANG_ANALYZER_NONNULL = YES;
				CLANG_ANALYZER_NUMBER_OBJECT_CONVERSION = YES_AGGRESSIVE;
				CLANG_CXX_LANGUAGE_STANDARD = "gnu++14";
				CLANG_CXX_LIBRARY = "libc++";
				CLANG_ENABLE_MODULES = YES;
				CLANG_ENABLE_OBJC_ARC = YES;
				CLANG_ENABLE_OBJC_WEAK = YES;
				CLANG_WARN_BLOCK_CAPTURE_AUTORELEASING = YES;
				CLANG_WARN_BOOL_CONVERSION = YES;
				CLANG_WARN_COMMA = YES;
				CLANG_WARN_CONSTANT_CONVERSION = YES;
				CLANG_WARN_DEPRECATED_OBJC_IMPLEMENTATIONS = YES;
				CLANG_WARN_DIRECT_OBJC_ISA_USAGE = YES_ERROR;
				CLANG_WARN_DOCUMENTATION_COMMENTS = YES;
				CLANG_WARN_EMPTY_BODY = YES;
				CLANG_WARN_ENUM_CONVERSION = YES;
				CLANG_WARN_INFINITE_RECURSION = YES;
				CLANG_WARN_INT_CONVERSION = YES;
				CLANG_WARN_NON_LITERAL_NULL_CONVERSION = YES;
				CLANG_WARN_OBJC_IMPLICIT_RETAIN_SELF = YES;
				CLANG_WARN_OBJC_LITERAL_CONVERSION = YES;
				CLANG_WARN_OBJC_ROOT_CLASS = YES_ERROR;
				CLANG_WARN_RANGE_LOOP_ANALYSIS = YES;
				CLANG_WARN_STRICT_PROTOTYPES = YES;
				CLANG_WARN_SUSPICIOUS_MOVE = YES;
				CLANG_WARN_UNGUARDED_AVAILABILITY = YES_AGGRESSIVE;
				CLANG_WARN_UNREACHABLE_CODE = YES;
				CLANG_WARN__DUPLICATE_METHOD_MATCH = YES;
				CODE_SIGN_IDENTITY = "iPhone Developer";
				COPY_PHASE_STRIP = NO;
				DEBUG_INFORMATION_FORMAT = "dwarf-with-dsym";
				ENABLE_NS_ASSERTIONS = NO;
				ENABLE_STRICT_OBJC_MSGSEND = YES;
				GCC_C_LANGUAGE_STANDARD = gnu11;
				GCC_NO_COMMON_BLOCKS = YES;
				GCC_WARN_64_TO_32_BIT_CONVERSION = YES;
				GCC_WARN_ABOUT_RETURN_TYPE = YES_ERROR;
				GCC_WARN_UNDECLARED_SELECTOR = YES;
				GCC_WARN_UNINITIALIZED_AUTOS = YES_AGGRESSIVE;
				GCC_WARN_UNUSED_FUNCTION = YES;
				GCC_WARN_UNUSED_VARIABLE = YES;
				IPHONEOS_DEPLOYMENT_TARGET = 12.1;
				MTL_ENABLE_DEBUG_INFO = NO;
				MTL_FAST_MATH = YES;
				SDKROOT = iphoneos;
				SWIFT_COMPILATION_MODE = wholemodule;
				SWIFT_OPTIMIZATION_LEVEL = "-O";
				VALIDATE_PRODUCT = YES;
			};
			name = Release;
		};
		08063B682231B13B007E73A1 /* Debug */ = {
			isa = XCBuildConfiguration;
			baseConfigurationReference = BFD5883DB891D29FB06C7B52 /* Pods-AppBuilderSDK.debug.xcconfig */;
			buildSettings = {
				ASSETCATALOG_COMPILER_APPICON_NAME = AppIcon;
				CODE_SIGN_ENTITLEMENTS = AppBuilderSDK/AppBuilderSDK.entitlements;
				CODE_SIGN_IDENTITY = "iPhone Developer";
				CODE_SIGN_STYLE = Automatic;
				CURRENT_PROJECT_VERSION = 2;
				DEVELOPMENT_TEAM = MRQJ36VF4X;
				INFOPLIST_FILE = AppBuilderSDK/Info.plist;
				LD_RUNPATH_SEARCH_PATHS = (
					"$(inherited)",
					"@executable_path/Frameworks",
				);
				MARKETING_VERSION = 1.1;
				PRODUCT_BUNDLE_IDENTIFIER = ru.com.technolab.test.AppBuilderSDK;
				PRODUCT_NAME = "$(TARGET_NAME)";
				PROVISIONING_PROFILE_SPECIFIER = "";
				SWIFT_VERSION = 5.0;
				TARGETED_DEVICE_FAMILY = "1,2";
			};
			name = Debug;
		};
		08063B692231B13B007E73A1 /* Release */ = {
			isa = XCBuildConfiguration;
			baseConfigurationReference = FE79F59763AEADA42CA5F641 /* Pods-AppBuilderSDK.release.xcconfig */;
			buildSettings = {
				ASSETCATALOG_COMPILER_APPICON_NAME = AppIcon;
				CODE_SIGN_ENTITLEMENTS = AppBuilderSDK/AppBuilderSDK.entitlements;
				CODE_SIGN_IDENTITY = "iPhone Developer";
				CODE_SIGN_STYLE = Automatic;
				CURRENT_PROJECT_VERSION = 2;
				DEVELOPMENT_TEAM = MRQJ36VF4X;
				INFOPLIST_FILE = AppBuilderSDK/Info.plist;
				LD_RUNPATH_SEARCH_PATHS = (
					"$(inherited)",
					"@executable_path/Frameworks",
				);
				MARKETING_VERSION = 1.1;
				PRODUCT_BUNDLE_IDENTIFIER = ru.com.technolab.test.AppBuilderSDK;
				PRODUCT_NAME = "$(TARGET_NAME)";
				PROVISIONING_PROFILE_SPECIFIER = "";
				SWIFT_VERSION = 5.0;
				TARGETED_DEVICE_FAMILY = "1,2";
			};
			name = Release;
		};
/* End XCBuildConfiguration section */

/* Begin XCConfigurationList section */
		08063B502231B139007E73A1 /* Build configuration list for PBXProject "AppBuilderSDK" */ = {
			isa = XCConfigurationList;
			buildConfigurations = (
				08063B652231B13B007E73A1 /* Debug */,
				08063B662231B13B007E73A1 /* Release */,
			);
			defaultConfigurationIsVisible = 0;
			defaultConfigurationName = Release;
		};
		08063B672231B13B007E73A1 /* Build configuration list for PBXNativeTarget "AppBuilderSDK" */ = {
			isa = XCConfigurationList;
			buildConfigurations = (
				08063B682231B13B007E73A1 /* Debug */,
				08063B692231B13B007E73A1 /* Release */,
			);
			defaultConfigurationIsVisible = 0;
			defaultConfigurationName = Release;
		};
/* End XCConfigurationList section */
	};
	rootObject = 08063B4D2231B139007E73A1 /* Project object */;
}
